// !$*UTF8*$!
{
	archiveVersion = 1;
	classes = {
	};
	objectVersion = 56;
	objects = {

/* Begin PBXBuildFile section */
		7119CAE52A9E526D002314DE /* ApiRequests.swift in Sources */ = {isa = PBXBuildFile; fileRef = 7119CAE42A9E526D002314DE /* ApiRequests.swift */; };
		71930F3E2A9EDEBD00769745 /* CardResponse.swift in Sources */ = {isa = PBXBuildFile; fileRef = 71930F3D2A9EDEBD00769745 /* CardResponse.swift */; };
		71930F402A9EDEE800769745 /* CardPrice.swift in Sources */ = {isa = PBXBuildFile; fileRef = 71930F3F2A9EDEE800769745 /* CardPrice.swift */; };
		71930F422A9EDF2C00769745 /* CardData.swift in Sources */ = {isa = PBXBuildFile; fileRef = 71930F412A9EDF2C00769745 /* CardData.swift */; };
		71930F442A9EDF4100769745 /* CardImage.swift in Sources */ = {isa = PBXBuildFile; fileRef = 71930F432A9EDF4100769745 /* CardImage.swift */; };
		71930F462A9EDF4B00769745 /* CardSet.swift in Sources */ = {isa = PBXBuildFile; fileRef = 71930F452A9EDF4B00769745 /* CardSet.swift */; };
		71930F482A9EDFFF00769745 /* Music.swift in Sources */ = {isa = PBXBuildFile; fileRef = 71930F472A9EDFFF00769745 /* Music.swift */; };
		71930F4B2A9EE62300769745 /* UIImageViewExt.swift in Sources */ = {isa = PBXBuildFile; fileRef = 71930F4A2A9EE62300769745 /* UIImageViewExt.swift */; };
		CECE55492A9405D3006EEE37 /* AppDelegate.swift in Sources */ = {isa = PBXBuildFile; fileRef = CECE55482A9405D3006EEE37 /* AppDelegate.swift */; };
		CECE554B2A9405D3006EEE37 /* SceneDelegate.swift in Sources */ = {isa = PBXBuildFile; fileRef = CECE554A2A9405D3006EEE37 /* SceneDelegate.swift */; };
		CECE55522A9405D4006EEE37 /* Assets.xcassets in Resources */ = {isa = PBXBuildFile; fileRef = CECE55512A9405D4006EEE37 /* Assets.xcassets */; };
		CECE55552A9405D4006EEE37 /* LaunchScreen.storyboard in Resources */ = {isa = PBXBuildFile; fileRef = CECE55532A9405D4006EEE37 /* LaunchScreen.storyboard */; };
		CECE555E2A9418A7006EEE37 /* MovieViewController.swift in Sources */ = {isa = PBXBuildFile; fileRef = CECE555D2A9418A7006EEE37 /* MovieViewController.swift */; };
		CECE55632A942EE8006EEE37 /* CardCell.swift in Sources */ = {isa = PBXBuildFile; fileRef = CECE55622A942EE8006EEE37 /* CardCell.swift */; };
		CECE55752A982136006EEE37 /* Detail.storyboard in Resources */ = {isa = PBXBuildFile; fileRef = CECE55742A982136006EEE37 /* Detail.storyboard */; };
		CECE55782A982246006EEE37 /* DetailViewController.swift in Sources */ = {isa = PBXBuildFile; fileRef = CECE55772A982246006EEE37 /* DetailViewController.swift */; };
/* End PBXBuildFile section */

/* Begin PBXFileReference section */
		7119CAE42A9E526D002314DE /* ApiRequests.swift */ = {isa = PBXFileReference; lastKnownFileType = sourcecode.swift; name = ApiRequests.swift; path = ../../../../ApiRequests.swift; sourceTree = "<group>"; };
		71930F3D2A9EDEBD00769745 /* CardResponse.swift */ = {isa = PBXFileReference; lastKnownFileType = sourcecode.swift; name = CardResponse.swift; path = ../../../../CardResponse.swift; sourceTree = "<group>"; };
		71930F3F2A9EDEE800769745 /* CardPrice.swift */ = {isa = PBXFileReference; lastKnownFileType = sourcecode.swift; name = CardPrice.swift; path = ../../../../CardPrice.swift; sourceTree = "<group>"; };
		71930F412A9EDF2C00769745 /* CardData.swift */ = {isa = PBXFileReference; lastKnownFileType = sourcecode.swift; name = CardData.swift; path = ../../../../CardData.swift; sourceTree = "<group>"; };
		71930F432A9EDF4100769745 /* CardImage.swift */ = {isa = PBXFileReference; lastKnownFileType = sourcecode.swift; name = CardImage.swift; path = ../../../../CardImage.swift; sourceTree = "<group>"; };
		71930F452A9EDF4B00769745 /* CardSet.swift */ = {isa = PBXFileReference; lastKnownFileType = sourcecode.swift; name = CardSet.swift; path = ../../../../CardSet.swift; sourceTree = "<group>"; };
		71930F472A9EDFFF00769745 /* Music.swift */ = {isa = PBXFileReference; lastKnownFileType = sourcecode.swift; name = Music.swift; path = ../../../../Music.swift; sourceTree = "<group>"; };
		71930F4A2A9EE62300769745 /* UIImageViewExt.swift */ = {isa = PBXFileReference; lastKnownFileType = sourcecode.swift; name = UIImageViewExt.swift; path = ../../../../UIImageViewExt.swift; sourceTree = "<group>"; };
		CECE55452A9405D3006EEE37 /* SpotFit.app */ = {isa = PBXFileReference; explicitFileType = wrapper.application; includeInIndex = 0; path = SpotFit.app; sourceTree = BUILT_PRODUCTS_DIR; };
		CECE55482A9405D3006EEE37 /* AppDelegate.swift */ = {isa = PBXFileReference; lastKnownFileType = sourcecode.swift; path = AppDelegate.swift; sourceTree = "<group>"; };
		CECE554A2A9405D3006EEE37 /* SceneDelegate.swift */ = {isa = PBXFileReference; lastKnownFileType = sourcecode.swift; path = SceneDelegate.swift; sourceTree = "<group>"; };
		CECE55512A9405D4006EEE37 /* Assets.xcassets */ = {isa = PBXFileReference; lastKnownFileType = folder.assetcatalog; path = Assets.xcassets; sourceTree = "<group>"; };
		CECE55542A9405D4006EEE37 /* Base */ = {isa = PBXFileReference; lastKnownFileType = file.storyboard; name = Base; path = Base.lproj/LaunchScreen.storyboard; sourceTree = "<group>"; };
		CECE55562A9405D4006EEE37 /* Info.plist */ = {isa = PBXFileReference; lastKnownFileType = text.plist.xml; path = Info.plist; sourceTree = "<group>"; };
		CECE555D2A9418A7006EEE37 /* MovieViewController.swift */ = {isa = PBXFileReference; lastKnownFileType = sourcecode.swift; path = MovieViewController.swift; sourceTree = "<group>"; };
		CECE55622A942EE8006EEE37 /* CardCell.swift */ = {isa = PBXFileReference; lastKnownFileType = sourcecode.swift; path = CardCell.swift; sourceTree = "<group>"; };
		CECE55742A982136006EEE37 /* Detail.storyboard */ = {isa = PBXFileReference; lastKnownFileType = file.storyboard; path = Detail.storyboard; sourceTree = "<group>"; };
		CECE55772A982246006EEE37 /* DetailViewController.swift */ = {isa = PBXFileReference; lastKnownFileType = sourcecode.swift; path = DetailViewController.swift; sourceTree = "<group>"; };
/* End PBXFileReference section */

/* Begin PBXFrameworksBuildPhase section */
		CECE55422A9405D3006EEE37 /* Frameworks */ = {
			isa = PBXFrameworksBuildPhase;
			buildActionMask = 2147483647;
			files = (
			);
			runOnlyForDeploymentPostprocessing = 0;
		};
/* End PBXFrameworksBuildPhase section */

/* Begin PBXGroup section */
		717E6D982A9E4978001023BE /* API */ = {
			isa = PBXGroup;
			children = (
				7119CAE42A9E526D002314DE /* ApiRequests.swift */,
			);
			path = API;
			sourceTree = "<group>";
		};
		71930F492A9EE60C00769745 /* Extensions */ = {
			isa = PBXGroup;
			children = (
				71930F4A2A9EE62300769745 /* UIImageViewExt.swift */,
			);
			path = Extensions;
			sourceTree = "<group>";
		};
		CECE553C2A9405D3006EEE37 = {
			isa = PBXGroup;
			children = (
				CECE55472A9405D3006EEE37 /* SpotFit */,
				CECE55462A9405D3006EEE37 /* Products */,
			);
			sourceTree = "<group>";
		};
		CECE55462A9405D3006EEE37 /* Products */ = {
			isa = PBXGroup;
			children = (
				CECE55452A9405D3006EEE37 /* SpotFit.app */,
			);
			name = Products;
			sourceTree = "<group>";
		};
		CECE55472A9405D3006EEE37 /* SpotFit */ = {
			isa = PBXGroup;
			children = (
				71930F492A9EE60C00769745 /* Extensions */,
				717E6D982A9E4978001023BE /* API */,
				CECE55762A98213C006EEE37 /* Detail */,
				CECE555F2A941D25006EEE37 /* Models */,
				CECE555C2A94187F006EEE37 /* Home */,
				CECE554A2A9405D3006EEE37 /* SceneDelegate.swift */,
				CECE55512A9405D4006EEE37 /* Assets.xcassets */,
				CECE55532A9405D4006EEE37 /* LaunchScreen.storyboard */,
				CECE55562A9405D4006EEE37 /* Info.plist */,
			);
			path = SpotFit;
			sourceTree = "<group>";
		};
		CECE555C2A94187F006EEE37 /* Home */ = {
			isa = PBXGroup;
			children = (
				CECE55622A942EE8006EEE37 /* CardCell.swift */,
				CECE55482A9405D3006EEE37 /* AppDelegate.swift */,
				CECE555D2A9418A7006EEE37 /* MovieViewController.swift */,
			);
			path = Home;
			sourceTree = "<group>";
		};
		CECE555F2A941D25006EEE37 /* Models */ = {
			isa = PBXGroup;
			children = (
				71930F3D2A9EDEBD00769745 /* CardResponse.swift */,
				71930F412A9EDF2C00769745 /* CardData.swift */,
				71930F3F2A9EDEE800769745 /* CardPrice.swift */,
				71930F432A9EDF4100769745 /* CardImage.swift */,
				71930F452A9EDF4B00769745 /* CardSet.swift */,
				71930F472A9EDFFF00769745 /* Music.swift */,
			);
			path = Models;
			sourceTree = "<group>";
		};
		CECE55762A98213C006EEE37 /* Detail */ = {
			isa = PBXGroup;
			children = (
				CECE55742A982136006EEE37 /* Detail.storyboard */,
				CECE55772A982246006EEE37 /* DetailViewController.swift */,
			);
			path = Detail;
			sourceTree = "<group>";
		};
/* End PBXGroup section */

/* Begin PBXNativeTarget section */
		CECE55442A9405D3006EEE37 /* SpotFit */ = {
			isa = PBXNativeTarget;
			buildConfigurationList = CECE55592A9405D4006EEE37 /* Build configuration list for PBXNativeTarget "SpotFit" */;
			buildPhases = (
				CECE55412A9405D3006EEE37 /* Sources */,
				CECE55422A9405D3006EEE37 /* Frameworks */,
				CECE55432A9405D3006EEE37 /* Resources */,
			);
			buildRules = (
			);
			dependencies = (
			);
			name = SpotFit;
			productName = SpotFit;
			productReference = CECE55452A9405D3006EEE37 /* SpotFit.app */;
			productType = "com.apple.product-type.application";
		};
/* End PBXNativeTarget section */

/* Begin PBXProject section */
		CECE553D2A9405D3006EEE37 /* Project object */ = {
			isa = PBXProject;
			attributes = {
				BuildIndependentTargetsInParallel = 1;
				LastSwiftUpdateCheck = 1430;
				LastUpgradeCheck = 1430;
				TargetAttributes = {
					CECE55442A9405D3006EEE37 = {
						CreatedOnToolsVersion = 14.3.1;
					};
				};
			};
			buildConfigurationList = CECE55402A9405D3006EEE37 /* Build configuration list for PBXProject "SpotFit" */;
			compatibilityVersion = "Xcode 14.0";
			developmentRegion = en;
			hasScannedForEncodings = 0;
			knownRegions = (
				en,
				Base,
			);
			mainGroup = CECE553C2A9405D3006EEE37;
			productRefGroup = CECE55462A9405D3006EEE37 /* Products */;
			projectDirPath = "";
			projectRoot = "";
			targets = (
				CECE55442A9405D3006EEE37 /* SpotFit */,
			);
		};
/* End PBXProject section */

/* Begin PBXResourcesBuildPhase section */
		CECE55432A9405D3006EEE37 /* Resources */ = {
			isa = PBXResourcesBuildPhase;
			buildActionMask = 2147483647;
			files = (
				CECE55552A9405D4006EEE37 /* LaunchScreen.storyboard in Resources */,
				CECE55522A9405D4006EEE37 /* Assets.xcassets in Resources */,
				CECE55752A982136006EEE37 /* Detail.storyboard in Resources */,
			);
			runOnlyForDeploymentPostprocessing = 0;
		};
/* End PBXResourcesBuildPhase section */

/* Begin PBXSourcesBuildPhase section */
		CECE55412A9405D3006EEE37 /* Sources */ = {
			isa = PBXSourcesBuildPhase;
			buildActionMask = 2147483647;
			files = (
				CECE55492A9405D3006EEE37 /* AppDelegate.swift in Sources */,
				71930F482A9EDFFF00769745 /* Music.swift in Sources */,
				CECE554B2A9405D3006EEE37 /* SceneDelegate.swift in Sources */,
				71930F442A9EDF4100769745 /* CardImage.swift in Sources */,
				7119CAE52A9E526D002314DE /* ApiRequests.swift in Sources */,
				CECE55782A982246006EEE37 /* DetailViewController.swift in Sources */,
				CECE555E2A9418A7006EEE37 /* MovieViewController.swift in Sources */,
				71930F422A9EDF2C00769745 /* CardData.swift in Sources */,
				71930F4B2A9EE62300769745 /* UIImageViewExt.swift in Sources */,
				71930F3E2A9EDEBD00769745 /* CardResponse.swift in Sources */,
				71930F402A9EDEE800769745 /* CardPrice.swift in Sources */,
				71930F462A9EDF4B00769745 /* CardSet.swift in Sources */,
				CECE55632A942EE8006EEE37 /* CardCell.swift in Sources */,
			);
			runOnlyForDeploymentPostprocessing = 0;
		};
/* End PBXSourcesBuildPhase section */

/* Begin PBXVariantGroup section */
		CECE55532A9405D4006EEE37 /* LaunchScreen.storyboard */ = {
			isa = PBXVariantGroup;
			children = (
				CECE55542A9405D4006EEE37 /* Base */,
			);
			name = LaunchScreen.storyboard;
			sourceTree = "<group>";
		};
/* End PBXVariantGroup section */

/* Begin XCBuildConfiguration section */
		CECE55572A9405D4006EEE37 /* Debug */ = {
			isa = XCBuildConfiguration;
			buildSettings = {
				ALWAYS_SEARCH_USER_PATHS = NO;
				CLANG_ANALYZER_NONNULL = YES;
				CLANG_ANALYZER_NUMBER_OBJECT_CONVERSION = YES_AGGRESSIVE;
				CLANG_CXX_LANGUAGE_STANDARD = "gnu++20";
				CLANG_ENABLE_MODULES = YES;
				CLANG_ENABLE_OBJC_ARC = YES;
				CLANG_ENABLE_OBJC_WEAK = YES;
				CLANG_WARN_BLOCK_CAPTURE_AUTORELEASING = YES;
				CLANG_WARN_BOOL_CONVERSION = YES;
				CLANG_WARN_COMMA = YES;
				CLANG_WARN_CONSTANT_CONVERSION = YES;
				CLANG_WARN_DEPRECATED_OBJC_IMPLEMENTATIONS = YES;
				CLANG_WARN_DIRECT_OBJC_ISA_USAGE = YES_ERROR;
				CLANG_WARN_DOCUMENTATION_COMMENTS = YES;
				CLANG_WARN_EMPTY_BODY = YES;
				CLANG_WARN_ENUM_CONVERSION = YES;
				CLANG_WARN_INFINITE_RECURSION = YES;
				CLANG_WARN_INT_CONVERSION = YES;
				CLANG_WARN_NON_LITERAL_NULL_CONVERSION = YES;
				CLANG_WARN_OBJC_IMPLICIT_RETAIN_SELF = YES;
				CLANG_WARN_OBJC_LITERAL_CONVERSION = YES;
				CLANG_WARN_OBJC_ROOT_CLASS = YES_ERROR;
				CLANG_WARN_QUOTED_INCLUDE_IN_FRAMEWORK_HEADER = YES;
				CLANG_WARN_RANGE_LOOP_ANALYSIS = YES;
				CLANG_WARN_STRICT_PROTOTYPES = YES;
				CLANG_WARN_SUSPICIOUS_MOVE = YES;
				CLANG_WARN_UNGUARDED_AVAILABILITY = YES_AGGRESSIVE;
				CLANG_WARN_UNREACHABLE_CODE = YES;
				CLANG_WARN__DUPLICATE_METHOD_MATCH = YES;
				COPY_PHASE_STRIP = NO;
				DEBUG_INFORMATION_FORMAT = dwarf;
				ENABLE_STRICT_OBJC_MSGSEND = YES;
				ENABLE_TESTABILITY = YES;
				GCC_C_LANGUAGE_STANDARD = gnu11;
				GCC_DYNAMIC_NO_PIC = NO;
				GCC_NO_COMMON_BLOCKS = YES;
				GCC_OPTIMIZATION_LEVEL = 0;
				GCC_PREPROCESSOR_DEFINITIONS = (
					"DEBUG=1",
					"$(inherited)",
				);
				GCC_WARN_64_TO_32_BIT_CONVERSION = YES;
				GCC_WARN_ABOUT_RETURN_TYPE = YES_ERROR;
				GCC_WARN_UNDECLARED_SELECTOR = YES;
				GCC_WARN_UNINITIALIZED_AUTOS = YES_AGGRESSIVE;
				GCC_WARN_UNUSED_FUNCTION = YES;
				GCC_WARN_UNUSED_VARIABLE = YES;
				IPHONEOS_DEPLOYMENT_TARGET = 16.4;
				MTL_ENABLE_DEBUG_INFO = INCLUDE_SOURCE;
				MTL_FAST_MATH = YES;
				ONLY_ACTIVE_ARCH = YES;
				SDKROOT = iphoneos;
				SWIFT_ACTIVE_COMPILATION_CONDITIONS = DEBUG;
				SWIFT_OPTIMIZATION_LEVEL = "-Onone";
			};
			name = Debug;
		};
		CECE55582A9405D4006EEE37 /* Release */ = {
			isa = XCBuildConfiguration;
			buildSettings = {
				ALWAYS_SEARCH_USER_PATHS = NO;
				CLANG_ANALYZER_NONNULL = YES;
				CLANG_ANALYZER_NUMBER_OBJECT_CONVERSION = YES_AGGRESSIVE;
				CLANG_CXX_LANGUAGE_STANDARD = "gnu++20";
				CLANG_ENABLE_MODULES = YES;
				CLANG_ENABLE_OBJC_ARC = YES;
				CLANG_ENABLE_OBJC_WEAK = YES;
				CLANG_WARN_BLOCK_CAPTURE_AUTORELEASING = YES;
				CLANG_WARN_BOOL_CONVERSION = YES;
				CLANG_WARN_COMMA = YES;
				CLANG_WARN_CONSTANT_CONVERSION = YES;
				CLANG_WARN_DEPRECATED_OBJC_IMPLEMENTATIONS = YES;
				CLANG_WARN_DIRECT_OBJC_ISA_USAGE = YES_ERROR;
				CLANG_WARN_DOCUMENTATION_COMMENTS = YES;
				CLANG_WARN_EMPTY_BODY = YES;
				CLANG_WARN_ENUM_CONVERSION = YES;
				CLANG_WARN_INFINITE_RECURSION = YES;
				CLANG_WARN_INT_CONVERSION = YES;
				CLANG_WARN_NON_LITERAL_NULL_CONVERSION = YES;
				CLANG_WARN_OBJC_IMPLICIT_RETAIN_SELF = YES;
				CLANG_WARN_OBJC_LITERAL_CONVERSION = YES;
				CLANG_WARN_OBJC_ROOT_CLASS = YES_ERROR;
				CLANG_WARN_QUOTED_INCLUDE_IN_FRAMEWORK_HEADER = YES;
				CLANG_WARN_RANGE_LOOP_ANALYSIS = YES;
				CLANG_WARN_STRICT_PROTOTYPES = YES;
				CLANG_WARN_SUSPICIOUS_MOVE = YES;
				CLANG_WARN_UNGUARDED_AVAILABILITY = YES_AGGRESSIVE;
				CLANG_WARN_UNREACHABLE_CODE = YES;
				CLANG_WARN__DUPLICATE_METHOD_MATCH = YES;
				COPY_PHASE_STRIP = NO;
				DEBUG_INFORMATION_FORMAT = "dwarf-with-dsym";
				ENABLE_NS_ASSERTIONS = NO;
				ENABLE_STRICT_OBJC_MSGSEND = YES;
				GCC_C_LANGUAGE_STANDARD = gnu11;
				GCC_NO_COMMON_BLOCKS = YES;
				GCC_WARN_64_TO_32_BIT_CONVERSION = YES;
				GCC_WARN_ABOUT_RETURN_TYPE = YES_ERROR;
				GCC_WARN_UNDECLARED_SELECTOR = YES;
				GCC_WARN_UNINITIALIZED_AUTOS = YES_AGGRESSIVE;
				GCC_WARN_UNUSED_FUNCTION = YES;
				GCC_WARN_UNUSED_VARIABLE = YES;
				IPHONEOS_DEPLOYMENT_TARGET = 16.4;
				MTL_ENABLE_DEBUG_INFO = NO;
				MTL_FAST_MATH = YES;
				SDKROOT = iphoneos;
				SWIFT_COMPILATION_MODE = wholemodule;
				SWIFT_OPTIMIZATION_LEVEL = "-O";
				VALIDATE_PRODUCT = YES;
			};
			name = Release;
		};
		CECE555A2A9405D4006EEE37 /* Debug */ = {
			isa = XCBuildConfiguration;
			buildSettings = {
				ASSETCATALOG_COMPILER_APPICON_NAME = AppIcon;
				ASSETCATALOG_COMPILER_GLOBAL_ACCENT_COLOR_NAME = AccentColor;
				CODE_SIGN_STYLE = Automatic;
				CURRENT_PROJECT_VERSION = 1;
				GENERATE_INFOPLIST_FILE = YES;
				INFOPLIST_FILE = SpotFit/Info.plist;
				INFOPLIST_KEY_UIApplicationSupportsIndirectInputEvents = YES;
				INFOPLIST_KEY_UILaunchStoryboardName = LaunchScreen;
				INFOPLIST_KEY_UISupportedInterfaceOrientations_iPad = "UIInterfaceOrientationPortrait UIInterfaceOrientationPortraitUpsideDown UIInterfaceOrientationLandscapeLeft UIInterfaceOrientationLandscapeRight";
				INFOPLIST_KEY_UISupportedInterfaceOrientations_iPhone = "UIInterfaceOrientationPortrait UIInterfaceOrientationLandscapeLeft UIInterfaceOrientationLandscapeRight";
				LD_RUNPATH_SEARCH_PATHS = (
					"$(inherited)",
					"@executable_path/Frameworks",
				);
				MARKETING_VERSION = 1.0;
				PRODUCT_BUNDLE_IDENTIFIER = PH.SpotFit;
				PRODUCT_NAME = "$(TARGET_NAME)";
				SWIFT_EMIT_LOC_STRINGS = YES;
				SWIFT_VERSION = 5.0;
				TARGETED_DEVICE_FAMILY = "1,2";
			};
			name = Debug;
		};
		CECE555B2A9405D4006EEE37 /* Release */ = {
			isa = XCBuildConfiguration;
			buildSettings = {
				ASSETCATALOG_COMPILER_APPICON_NAME = AppIcon;
				ASSETCATALOG_COMPILER_GLOBAL_ACCENT_COLOR_NAME = AccentColor;
				CODE_SIGN_STYLE = Automatic;
				CURRENT_PROJECT_VERSION = 1;
				GENERATE_INFOPLIST_FILE = YES;
				INFOPLIST_FILE = SpotFit/Info.plist;
				INFOPLIST_KEY_UIApplicationSupportsIndirectInputEvents = YES;
				INFOPLIST_KEY_UILaunchStoryboardName = LaunchScreen;
				INFOPLIST_KEY_UISupportedInterfaceOrientations_iPad = "UIInterfaceOrientationPortrait UIInterfaceOrientationPortraitUpsideDown UIInterfaceOrientationLandscapeLeft UIInterfaceOrientationLandscapeRight";
				INFOPLIST_KEY_UISupportedInterfaceOrientations_iPhone = "UIInterfaceOrientationPortrait UIInterfaceOrientationLandscapeLeft UIInterfaceOrientationLandscapeRight";
				LD_RUNPATH_SEARCH_PATHS = (
					"$(inherited)",
					"@executable_path/Frameworks",
				);
				MARKETING_VERSION = 1.0;
				PRODUCT_BUNDLE_IDENTIFIER = PH.SpotFit;
				PRODUCT_NAME = "$(TARGET_NAME)";
				SWIFT_EMIT_LOC_STRINGS = YES;
				SWIFT_VERSION = 5.0;
				TARGETED_DEVICE_FAMILY = "1,2";
			};
			name = Release;
		};
/* End XCBuildConfiguration section */

/* Begin XCConfigurationList section */
		CECE55402A9405D3006EEE37 /* Build configuration list for PBXProject "SpotFit" */ = {
			isa = XCConfigurationList;
			buildConfigurations = (
				CECE55572A9405D4006EEE37 /* Debug */,
				CECE55582A9405D4006EEE37 /* Release */,
			);
			defaultConfigurationIsVisible = 0;
			defaultConfigurationName = Release;
		};
		CECE55592A9405D4006EEE37 /* Build configuration list for PBXNativeTarget "SpotFit" */ = {
			isa = XCConfigurationList;
			buildConfigurations = (
				CECE555A2A9405D4006EEE37 /* Debug */,
				CECE555B2A9405D4006EEE37 /* Release */,
			);
			defaultConfigurationIsVisible = 0;
			defaultConfigurationName = Release;
		};
/* End XCConfigurationList section */
	};
	rootObject = CECE553D2A9405D3006EEE37 /* Project object */;
}
